
Microsoft Visual Studio Solution File, Format Version 12.00
# Visual Studio Version 16
VisualStudioVersion = 16.0.31410.357
MinimumVisualStudioVersion = 10.0.40219.1
Project("{9A19103F-16F7-4668-BE54-9A1E7A4F7556}") = "TODOAPP", "TODOAPP\TODOAPP.csproj", "{D8E6268F-8307-4840-A307-847C6F2BA1A5}"
EndProject
Project("{9A19103F-16F7-4668-BE54-9A1E7A4F7556}") = "example1", "..\example1\example1\example1.csproj", "{7854127B-0577-4220-9991-72406EB44080}"
EndProject
Project("{9A19103F-16F7-4668-BE54-9A1E7A4F7556}") = "Test2", "..\..\..\source\repos\Test2\Test2\Test2.csproj", "{F168154F-EE4C-49B9-BDAB-B1C518CDBA90}"
EndProject
Global
	GlobalSection(SolutionConfigurationPlatforms) = preSolution
		Debug|Any CPU = Debug|Any CPU
		Release|Any CPU = Release|Any CPU
	EndGlobalSection
	GlobalSection(ProjectConfigurationPlatforms) = postSolution
		{D8E6268F-8307-4840-A307-847C6F2BA1A5}.Debug|Any CPU.ActiveCfg = Debug|Any CPU
		{D8E6268F-8307-4840-A307-847C6F2BA1A5}.Debug|Any CPU.Build.0 = Debug|Any CPU
		{D8E6268F-8307-4840-A307-847C6F2BA1A5}.Release|Any CPU.ActiveCfg = Release|Any CPU
		{D8E6268F-8307-4840-A307-847C6F2BA1A5}.Release|Any CPU.Build.0 = Release|Any CPU
		{7854127B-0577-4220-9991-72406EB44080}.Debug|Any CPU.ActiveCfg = Debug|Any CPU
		{7854127B-0577-4220-9991-72406EB44080}.Debug|Any CPU.Build.0 = Debug|Any CPU
		{7854127B-0577-4220-9991-72406EB44080}.Release|Any CPU.ActiveCfg = Release|Any CPU
		{7854127B-0577-4220-9991-72406EB44080}.Release|Any CPU.Build.0 = Release|Any CPU
		{F168154F-EE4C-49B9-BDAB-B1C518CDBA90}.Debug|Any CPU.ActiveCfg = Debug|Any CPU
		{F168154F-EE4C-49B9-BDAB-B1C518CDBA90}.Debug|Any CPU.Build.0 = Debug|Any CPU
		{F168154F-EE4C-49B9-BDAB-B1C518CDBA90}.Release|Any CPU.ActiveCfg = Release|Any CPU
		{F168154F-EE4C-49B9-BDAB-B1C518CDBA90}.Release|Any CPU.Build.0 = Release|Any CPU
	EndGlobalSection
	GlobalSection(SolutionProperties) = preSolution
		HideSolutionNode = FALSE
	EndGlobalSection
	GlobalSection(ExtensibilityGlobals) = postSolution
		SolutionGuid = {D7C25AD3-2952-424B-8D43-3EF1D4881777}
	EndGlobalSection
EndGlobal
